
Microsoft Visual Studio Solution File, Format Version 12.00
# Visual Studio Version 17
VisualStudioVersion = 17.4.33103.184
MinimumVisualStudioVersion = 10.0.40219.1
Project("{FAE04EC0-301F-11D3-BF4B-00C04F79EFBC}") = "webApi.event+.manha", "webApi.event+.manha.csproj", "{CFFC1907-2A1D-4706-8C6F-7DA6491C99EB}"
EndProject
Global
	GlobalSection(SolutionConfigurationPlatforms) = preSolution
		Debug|Any CPU = Debug|Any CPU
		Release|Any CPU = Release|Any CPU
	EndGlobalSection
	GlobalSection(ProjectConfigurationPlatforms) = postSolution
		{CFFC1907-2A1D-4706-8C6F-7DA6491C99EB}.Debug|Any CPU.ActiveCfg = Debug|Any CPU
		{CFFC1907-2A1D-4706-8C6F-7DA6491C99EB}.Debug|Any CPU.Build.0 = Debug|Any CPU
		{CFFC1907-2A1D-4706-8C6F-7DA6491C99EB}.Release|Any CPU.ActiveCfg = Release|Any CPU
		{CFFC1907-2A1D-4706-8C6F-7DA6491C99EB}.Release|Any CPU.Build.0 = Release|Any CPU
	EndGlobalSection
	GlobalSection(SolutionProperties) = preSolution
		HideSolutionNode = FALSE
	EndGlobalSection
	GlobalSection(ExtensibilityGlobals) = postSolution
		SolutionGuid = {3F00258A-52FC-48E3-84A6-3AD62DB6B869}
	EndGlobalSection
EndGlobal
